// !$*UTF8*$!
{
	archiveVersion = 1;
	classes = {
	};
	objectVersion = 46;
	objects = {

/* Begin PBXBuildFile section */
		E7F0502D194A81F90072BD63 /* Foundation.framework in Frameworks */ = {isa = PBXBuildFile; fileRef = E7F0502C194A81F90072BD63 /* Foundation.framework */; };
		E7F0502F194A81F90072BD63 /* CoreGraphics.framework in Frameworks */ = {isa = PBXBuildFile; fileRef = E7F0502E194A81F90072BD63 /* CoreGraphics.framework */; };
		E7F05031194A81F90072BD63 /* UIKit.framework in Frameworks */ = {isa = PBXBuildFile; fileRef = E7F05030194A81F90072BD63 /* UIKit.framework */; };
		E7F05037194A81F90072BD63 /* InfoPlist.strings in Resources */ = {isa = PBXBuildFile; fileRef = E7F05035194A81F90072BD63 /* InfoPlist.strings */; };
		E7F05039194A81F90072BD63 /* main.m in Sources */ = {isa = PBXBuildFile; fileRef = E7F05038194A81F90072BD63 /* main.m */; };
		E7F0503D194A81F90072BD63 /* AppDelegate.m in Sources */ = {isa = PBXBuildFile; fileRef = E7F0503C194A81F90072BD63 /* AppDelegate.m */; };
		E7F05040194A81F90072BD63 /* Main.storyboard in Resources */ = {isa = PBXBuildFile; fileRef = E7F0503E194A81F90072BD63 /* Main.storyboard */; };
		E7F05043194A81F90072BD63 /* ViewController.m in Sources */ = {isa = PBXBuildFile; fileRef = E7F05042194A81F90072BD63 /* ViewController.m */; };
		E7F05045194A81F90072BD63 /* Images.xcassets in Resources */ = {isa = PBXBuildFile; fileRef = E7F05044194A81F90072BD63 /* Images.xcassets */; };
		E7F0504C194A81F90072BD63 /* XCTest.framework in Frameworks */ = {isa = PBXBuildFile; fileRef = E7F0504B194A81F90072BD63 /* XCTest.framework */; };
		E7F0504D194A81F90072BD63 /* Foundation.framework in Frameworks */ = {isa = PBXBuildFile; fileRef = E7F0502C194A81F90072BD63 /* Foundation.framework */; };
		E7F0504E194A81F90072BD63 /* UIKit.framework in Frameworks */ = {isa = PBXBuildFile; fileRef = E7F05030194A81F90072BD63 /* UIKit.framework */; };
		E7F05056194A81F90072BD63 /* InfoPlist.strings in Resources */ = {isa = PBXBuildFile; fileRef = E7F05054194A81F90072BD63 /* InfoPlist.strings */; };
		E7F05058194A81F90072BD63 /* AutoLayoutTests.m in Sources */ = {isa = PBXBuildFile; fileRef = E7F05057194A81F90072BD63 /* AutoLayoutTests.m */; };
/* End PBXBuildFile section */

/* Begin PBXContainerItemProxy section */
		E7F0504F194A81F90072BD63 /* PBXContainerItemProxy */ = {
			isa = PBXContainerItemProxy;
			containerPortal = E7F05021194A81F90072BD63 /* Project object */;
			proxyType = 1;
			remoteGlobalIDString = E7F05028194A81F90072BD63;
			remoteInfo = AutoLayout;
		};
/* End PBXContainerItemProxy section */

/* Begin PBXFileReference section */
		E7F05029194A81F90072BD63 /* AutoLayout.app */ = {isa = PBXFileReference; explicitFileType = wrapper.application; includeInIndex = 0; path = AutoLayout.app; sourceTree = BUILT_PRODUCTS_DIR; };
		E7F0502C194A81F90072BD63 /* Foundation.framework */ = {isa = PBXFileReference; lastKnownFileType = wrapper.framework; name = Foundation.framework; path = System/Library/Frameworks/Foundation.framework; sourceTree = SDKROOT; };
		E7F0502E194A81F90072BD63 /* CoreGraphics.framework */ = {isa = PBXFileReference; lastKnownFileType = wrapper.framework; name = CoreGraphics.framework; path = System/Library/Frameworks/CoreGraphics.framework; sourceTree = SDKROOT; };
		E7F05030194A81F90072BD63 /* UIKit.framework */ = {isa = PBXFileReference; lastKnownFileType = wrapper.framework; name = UIKit.framework; path = System/Library/Frameworks/UIKit.framework; sourceTree = SDKROOT; };
		E7F05034194A81F90072BD63 /* AutoLayout-Info.plist */ = {isa = PBXFileReference; lastKnownFileType = text.plist.xml; path = "AutoLayout-Info.plist"; sourceTree = "<group>"; };
		E7F05036194A81F90072BD63 /* en */ = {isa = PBXFileReference; lastKnownFileType = text.plist.strings; name = en; path = en.lproj/InfoPlist.strings; sourceTree = "<group>"; };
		E7F05038194A81F90072BD63 /* main.m */ = {isa = PBXFileReference; lastKnownFileType = sourcecode.c.objc; path = main.m; sourceTree = "<group>"; };
		E7F0503A194A81F90072BD63 /* AutoLayout-Prefix.pch */ = {isa = PBXFileReference; lastKnownFileType = sourcecode.c.h; path = "AutoLayout-Prefix.pch"; sourceTree = "<group>"; };
		E7F0503B194A81F90072BD63 /* AppDelegate.h */ = {isa = PBXFileReference; lastKnownFileType = sourcecode.c.h; path = AppDelegate.h; sourceTree = "<group>"; };
		E7F0503C194A81F90072BD63 /* AppDelegate.m */ = {isa = PBXFileReference; lastKnownFileType = sourcecode.c.objc; path = AppDelegate.m; sourceTree = "<group>"; };
		E7F0503F194A81F90072BD63 /* Base */ = {isa = PBXFileReference; lastKnownFileType = file.storyboard; name = Base; path = Base.lproj/Main.storyboard; sourceTree = "<group>"; };
		E7F05041194A81F90072BD63 /* ViewController.h */ = {isa = PBXFileReference; lastKnownFileType = sourcecode.c.h; path = ViewController.h; sourceTree = "<group>"; };
		E7F05042194A81F90072BD63 /* ViewController.m */ = {isa = PBXFileReference; lastKnownFileType = sourcecode.c.objc; path = ViewController.m; sourceTree = "<group>"; };
		E7F05044194A81F90072BD63 /* Images.xcassets */ = {isa = PBXFileReference; lastKnownFileType = folder.assetcatalog; path = Images.xcassets; sourceTree = "<group>"; };
		E7F0504A194A81F90072BD63 /* AutoLayoutTests.xctest */ = {isa = PBXFileReference; explicitFileType = wrapper.cfbundle; includeInIndex = 0; path = AutoLayoutTests.xctest; sourceTree = BUILT_PRODUCTS_DIR; };
		E7F0504B194A81F90072BD63 /* XCTest.framework */ = {isa = PBXFileReference; lastKnownFileType = wrapper.framework; name = XCTest.framework; path = Library/Frameworks/XCTest.framework; sourceTree = DEVELOPER_DIR; };
		E7F05053194A81F90072BD63 /* AutoLayoutTests-Info.plist */ = {isa = PBXFileReference; lastKnownFileType = text.plist.xml; path = "AutoLayoutTests-Info.plist"; sourceTree = "<group>"; };
		E7F05055194A81F90072BD63 /* en */ = {isa = PBXFileReference; lastKnownFileType = text.plist.strings; name = en; path = en.lproj/InfoPlist.strings; sourceTree = "<group>"; };
		E7F05057194A81F90072BD63 /* AutoLayoutTests.m */ = {isa = PBXFileReference; lastKnownFileType = sourcecode.c.objc; path = AutoLayoutTests.m; sourceTree = "<group>"; };
/* End PBXFileReference section */

/* Begin PBXFrameworksBuildPhase section */
		E7F05026194A81F90072BD63 /* Frameworks */ = {
			isa = PBXFrameworksBuildPhase;
			buildActionMask = 2147483647;
			files = (
				E7F0502F194A81F90072BD63 /* CoreGraphics.framework in Frameworks */,
				E7F05031194A81F90072BD63 /* UIKit.framework in Frameworks */,
				E7F0502D194A81F90072BD63 /* Foundation.framework in Frameworks */,
			);
			runOnlyForDeploymentPostprocessing = 0;
		};
		E7F05047194A81F90072BD63 /* Frameworks */ = {
			isa = PBXFrameworksBuildPhase;
			buildActionMask = 2147483647;
			files = (
				E7F0504C194A81F90072BD63 /* XCTest.framework in Frameworks */,
				E7F0504E194A81F90072BD63 /* UIKit.framework in Frameworks */,
				E7F0504D194A81F90072BD63 /* Foundation.framework in Frameworks */,
			);
			runOnlyForDeploymentPostprocessing = 0;
		};
/* End PBXFrameworksBuildPhase section */

/* Begin PBXGroup section */
		E7F05020194A81F90072BD63 = {
			isa = PBXGroup;
			children = (
				E7F05032194A81F90072BD63 /* AutoLayout */,
				E7F05051194A81F90072BD63 /* AutoLayoutTests */,
				E7F0502B194A81F90072BD63 /* Frameworks */,
				E7F0502A194A81F90072BD63 /* Products */,
			);
			sourceTree = "<group>";
		};
		E7F0502A194A81F90072BD63 /* Products */ = {
			isa = PBXGroup;
			children = (
				E7F05029194A81F90072BD63 /* AutoLayout.app */,
				E7F0504A194A81F90072BD63 /* AutoLayoutTests.xctest */,
			);
			name = Products;
			sourceTree = "<group>";
		};
		E7F0502B194A81F90072BD63 /* Frameworks */ = {
			isa = PBXGroup;
			children = (
				E7F0502C194A81F90072BD63 /* Foundation.framework */,
				E7F0502E194A81F90072BD63 /* CoreGraphics.framework */,
				E7F05030194A81F90072BD63 /* UIKit.framework */,
				E7F0504B194A81F90072BD63 /* XCTest.framework */,
			);
			name = Frameworks;
			sourceTree = "<group>";
		};
		E7F05032194A81F90072BD63 /* AutoLayout */ = {
			isa = PBXGroup;
			children = (
				E7F0503B194A81F90072BD63 /* AppDelegate.h */,
				E7F0503C194A81F90072BD63 /* AppDelegate.m */,
				E7F0503E194A81F90072BD63 /* Main.storyboard */,
				E7F05041194A81F90072BD63 /* ViewController.h */,
				E7F05042194A81F90072BD63 /* ViewController.m */,
				E7F05044194A81F90072BD63 /* Images.xcassets */,
				E7F05033194A81F90072BD63 /* Supporting Files */,
			);
			path = AutoLayout;
			sourceTree = "<group>";
		};
		E7F05033194A81F90072BD63 /* Supporting Files */ = {
			isa = PBXGroup;
			children = (
				E7F05034194A81F90072BD63 /* AutoLayout-Info.plist */,
				E7F05035194A81F90072BD63 /* InfoPlist.strings */,
				E7F05038194A81F90072BD63 /* main.m */,
				E7F0503A194A81F90072BD63 /* AutoLayout-Prefix.pch */,
			);
			name = "Supporting Files";
			sourceTree = "<group>";
		};
		E7F05051194A81F90072BD63 /* AutoLayoutTests */ = {
			isa = PBXGroup;
			children = (
				E7F05057194A81F90072BD63 /* AutoLayoutTests.m */,
				E7F05052194A81F90072BD63 /* Supporting Files */,
			);
			path = AutoLayoutTests;
			sourceTree = "<group>";
		};
		E7F05052194A81F90072BD63 /* Supporting Files */ = {
			isa = PBXGroup;
			children = (
				E7F05053194A81F90072BD63 /* AutoLayoutTests-Info.plist */,
				E7F05054194A81F90072BD63 /* InfoPlist.strings */,
			);
			name = "Supporting Files";
			sourceTree = "<group>";
		};
/* End PBXGroup section */

/* Begin PBXNativeTarget section */
		E7F05028194A81F90072BD63 /* AutoLayout */ = {
			isa = PBXNativeTarget;
			buildConfigurationList = E7F0505B194A81F90072BD63 /* Build configuration list for PBXNativeTarget "AutoLayout" */;
			buildPhases = (
				E7F05025194A81F90072BD63 /* Sources */,
				E7F05026194A81F90072BD63 /* Frameworks */,
				E7F05027194A81F90072BD63 /* Resources */,
			);
			buildRules = (
			);
			dependencies = (
			);
			name = AutoLayout;
			productName = AutoLayout;
			productReference = E7F05029194A81F90072BD63 /* AutoLayout.app */;
			productType = "com.apple.product-type.application";
		};
		E7F05049194A81F90072BD63 /* AutoLayoutTests */ = {
			isa = PBXNativeTarget;
			buildConfigurationList = E7F0505E194A81F90072BD63 /* Build configuration list for PBXNativeTarget "AutoLayoutTests" */;
			buildPhases = (
				E7F05046194A81F90072BD63 /* Sources */,
				E7F05047194A81F90072BD63 /* Frameworks */,
				E7F05048194A81F90072BD63 /* Resources */,
			);
			buildRules = (
			);
			dependencies = (
				E7F05050194A81F90072BD63 /* PBXTargetDependency */,
			);
			name = AutoLayoutTests;
			productName = AutoLayoutTests;
			productReference = E7F0504A194A81F90072BD63 /* AutoLayoutTests.xctest */;
			productType = "com.apple.product-type.bundle.unit-test";
		};
/* End PBXNativeTarget section */

/* Begin PBXProject section */
		E7F05021194A81F90072BD63 /* Project object */ = {
			isa = PBXProject;
			attributes = {
				LastUpgradeCheck = 0510;
				ORGANIZATIONNAME = AppCoda;
				TargetAttributes = {
					E7F05049194A81F90072BD63 = {
						TestTargetID = E7F05028194A81F90072BD63;
					};
				};
			};
			buildConfigurationList = E7F05024194A81F90072BD63 /* Build configuration list for PBXProject "AutoLayout" */;
			compatibilityVersion = "Xcode 3.2";
			developmentRegion = English;
			hasScannedForEncodings = 0;
			knownRegions = (
				en,
				Base,
			);
			mainGroup = E7F05020194A81F90072BD63;
			productRefGroup = E7F0502A194A81F90072BD63 /* Products */;
			projectDirPath = "";
			projectRoot = "";
			targets = (
				E7F05028194A81F90072BD63 /* AutoLayout */,
				E7F05049194A81F90072BD63 /* AutoLayoutTests */,
			);
		};
/* End PBXProject section */

/* Begin PBXResourcesBuildPhase section */
		E7F05027194A81F90072BD63 /* Resources */ = {
			isa = PBXResourcesBuildPhase;
			buildActionMask = 2147483647;
			files = (
				E7F05045194A81F90072BD63 /* Images.xcassets in Resources */,
				E7F05037194A81F90072BD63 /* InfoPlist.strings in Resources */,
				E7F05040194A81F90072BD63 /* Main.storyboard in Resources */,
			);
			runOnlyForDeploymentPostprocessing = 0;
		};
		E7F05048194A81F90072BD63 /* Resources */ = {
			isa = PBXResourcesBuildPhase;
			buildActionMask = 2147483647;
			files = (
				E7F05056194A81F90072BD63 /* InfoPlist.strings in Resources */,
			);
			runOnlyForDeploymentPostprocessing = 0;
		};
/* End PBXResourcesBuildPhase section */

/* Begin PBXSourcesBuildPhase section */
		E7F05025194A81F90072BD63 /* Sources */ = {
			isa = PBXSourcesBuildPhase;
			buildActionMask = 2147483647;
			files = (
				E7F05043194A81F90072BD63 /* ViewController.m in Sources */,
				E7F0503D194A81F90072BD63 /* AppDelegate.m in Sources */,
				E7F05039194A81F90072BD63 /* main.m in Sources */,
			);
			runOnlyForDeploymentPostprocessing = 0;
		};
		E7F05046194A81F90072BD63 /* Sources */ = {
			isa = PBXSourcesBuildPhase;
			buildActionMask = 2147483647;
			files = (
				E7F05058194A81F90072BD63 /* AutoLayoutTests.m in Sources */,
			);
			runOnlyForDeploymentPostprocessing = 0;
		};
/* End PBXSourcesBuildPhase section */

/* Begin PBXTargetDependency section */
		E7F05050194A81F90072BD63 /* PBXTargetDependency */ = {
			isa = PBXTargetDependency;
			target = E7F05028194A81F90072BD63 /* AutoLayout */;
			targetProxy = E7F0504F194A81F90072BD63 /* PBXContainerItemProxy */;
		};
/* End PBXTargetDependency section */

/* Begin PBXVariantGroup section */
		E7F05035194A81F90072BD63 /* InfoPlist.strings */ = {
			isa = PBXVariantGroup;
			children = (
				E7F05036194A81F90072BD63 /* en */,
			);
			name = InfoPlist.strings;
			sourceTree = "<group>";
		};
		E7F0503E194A81F90072BD63 /* Main.storyboard */ = {
			isa = PBXVariantGroup;
			children = (
				E7F0503F194A81F90072BD63 /* Base */,
			);
			name = Main.storyboard;
			sourceTree = "<group>";
		};
		E7F05054194A81F90072BD63 /* InfoPlist.strings */ = {
			isa = PBXVariantGroup;
			children = (
				E7F05055194A81F90072BD63 /* en */,
			);
			name = InfoPlist.strings;
			sourceTree = "<group>";
		};
/* End PBXVariantGroup section */

/* Begin XCBuildConfiguration section */
		E7F05059194A81F90072BD63 /* Debug */ = {
			isa = XCBuildConfiguration;
			buildSettings = {
				ALWAYS_SEARCH_USER_PATHS = NO;
				CLANG_CXX_LANGUAGE_STANDARD = "gnu++0x";
				CLANG_CXX_LIBRARY = "libc++";
				CLANG_ENABLE_MODULES = YES;
				CLANG_ENABLE_OBJC_ARC = YES;
				CLANG_WARN_BOOL_CONVERSION = YES;
				CLANG_WARN_CONSTANT_CONVERSION = YES;
				CLANG_WARN_DIRECT_OBJC_ISA_USAGE = YES_ERROR;
				CLANG_WARN_EMPTY_BODY = YES;
				CLANG_WARN_ENUM_CONVERSION = YES;
				CLANG_WARN_INT_CONVERSION = YES;
				CLANG_WARN_OBJC_ROOT_CLASS = YES_ERROR;
				CLANG_WARN__DUPLICATE_METHOD_MATCH = YES;
				"CODE_SIGN_IDENTITY[sdk=iphoneos*]" = "iPhone Developer";
				COPY_PHASE_STRIP = NO;
				GCC_C_LANGUAGE_STANDARD = gnu99;
				GCC_DYNAMIC_NO_PIC = NO;
				GCC_OPTIMIZATION_LEVEL = 0;
				GCC_PREPROCESSOR_DEFINITIONS = (
					"DEBUG=1",
					"$(inherited)",
				);
				GCC_SYMBOLS_PRIVATE_EXTERN = NO;
				GCC_WARN_64_TO_32_BIT_CONVERSION = YES;
				GCC_WARN_ABOUT_RETURN_TYPE = YES_ERROR;
				GCC_WARN_UNDECLARED_SELECTOR = YES;
				GCC_WARN_UNINITIALIZED_AUTOS = YES_AGGRESSIVE;
				GCC_WARN_UNUSED_FUNCTION = YES;
				GCC_WARN_UNUSED_VARIABLE = YES;
				IPHONEOS_DEPLOYMENT_TARGET = 7.1;
				ONLY_ACTIVE_ARCH = YES;
				SDKROOT = iphoneos;
			};
			name = Debug;
		};
		E7F0505A194A81F90072BD63 /* Release */ = {
			isa = XCBuildConfiguration;
			buildSettings = {
				ALWAYS_SEARCH_USER_PATHS = NO;
				CLANG_CXX_LANGUAGE_STANDARD = "gnu++0x";
				CLANG_CXX_LIBRARY = "libc++";
				CLANG_ENABLE_MODULES = YES;
				CLANG_ENABLE_OBJC_ARC = YES;
				CLANG_WARN_BOOL_CONVERSION = YES;
				CLANG_WARN_CONSTANT_CONVERSION = YES;
				CLANG_WARN_DIRECT_OBJC_ISA_USAGE = YES_ERROR;
				CLANG_WARN_EMPTY_BODY = YES;
				CLANG_WARN_ENUM_CONVERSION = YES;
				CLANG_WARN_INT_CONVERSION = YES;
				CLANG_WARN_OBJC_ROOT_CLASS = YES_ERROR;
				CLANG_WARN__DUPLICATE_METHOD_MATCH = YES;
				"CODE_SIGN_IDENTITY[sdk=iphoneos*]" = "iPhone Developer";
				COPY_PHASE_STRIP = YES;
				ENABLE_NS_ASSERTIONS = NO;
				GCC_C_LANGUAGE_STANDARD = gnu99;
				GCC_WARN_64_TO_32_BIT_CONVERSION = YES;
				GCC_WARN_ABOUT_RETURN_TYPE = YES_ERROR;
				GCC_WARN_UNDECLARED_SELECTOR = YES;
				GCC_WARN_UNINITIALIZED_AUTOS = YES_AGGRESSIVE;
				GCC_WARN_UNUSED_FUNCTION = YES;
				GCC_WARN_UNUSED_VARIABLE = YES;
				IPHONEOS_DEPLOYMENT_TARGET = 7.1;
				SDKROOT = iphoneos;
				VALIDATE_PRODUCT = YES;
			};
			name = Release;
		};
		E7F0505C194A81F90072BD63 /* Debug */ = {
			isa = XCBuildConfiguration;
			buildSettings = {
				ASSETCATALOG_COMPILER_APPICON_NAME = AppIcon;
				ASSETCATALOG_COMPILER_LAUNCHIMAGE_NAME = LaunchImage;
				GCC_PRECOMPILE_PREFIX_HEADER = YES;
				GCC_PREFIX_HEADER = "AutoLayout/AutoLayout-Prefix.pch";
				INFOPLIST_FILE = "AutoLayout/AutoLayout-Info.plist";
				PRODUCT_NAME = "$(TARGET_NAME)";
				WRAPPER_EXTENSION = app;
			};
			name = Debug;
		};
		E7F0505D194A81F90072BD63 /* Release */ = {
			isa = XCBuildConfiguration;
			buildSettings = {
				ASSETCATALOG_COMPILER_APPICON_NAME = AppIcon;
				ASSETCATALOG_COMPILER_LAUNCHIMAGE_NAME = LaunchImage;
				GCC_PRECOMPILE_PREFIX_HEADER = YES;
				GCC_PREFIX_HEADER = "AutoLayout/AutoLayout-Prefix.pch";
				INFOPLIST_FILE = "AutoLayout/AutoLayout-Info.plist";
				PRODUCT_NAME = "$(TARGET_NAME)";
				WRAPPER_EXTENSION = app;
			};
			name = Release;
		};
		E7F0505F194A81F90072BD63 /* Debug */ = {
			isa = XCBuildConfiguration;
			buildSettings = {
				BUNDLE_LOADER = "$(BUILT_PRODUCTS_DIR)/AutoLayout.app/AutoLayout";
				FRAMEWORK_SEARCH_PATHS = (
					"$(SDKROOT)/Developer/Library/Frameworks",
					"$(inherited)",
					"$(DEVELOPER_FRAMEWORKS_DIR)",
				);
				GCC_PRECOMPILE_PREFIX_HEADER = YES;
				GCC_PREFIX_HEADER = "AutoLayout/AutoLayout-Prefix.pch";
				GCC_PREPROCESSOR_DEFINITIONS = (
					"DEBUG=1",
					"$(inherited)",
				);
				INFOPLIST_FILE = "AutoLayoutTests/AutoLayoutTests-Info.plist";
				PRODUCT_NAME = "$(TARGET_NAME)";
				TEST_HOST = "$(BUNDLE_LOADER)";
				WRAPPER_EXTENSION = xctest;
			};
			name = Debug;
		};
		E7F05060194A81F90072BD63 /* Release */ = {
			isa = XCBuildConfiguration;
			buildSettings = {
				BUNDLE_LOADER = "$(BUILT_PRODUCTS_DIR)/AutoLayout.app/AutoLayout";
				FRAMEWORK_SEARCH_PATHS = (
					"$(SDKROOT)/Developer/Library/Frameworks",
					"$(inherited)",
					"$(DEVELOPER_FRAMEWORKS_DIR)",
				);
				GCC_PRECOMPILE_PREFIX_HEADER = YES;
				GCC_PREFIX_HEADER = "AutoLayout/AutoLayout-Prefix.pch";
				INFOPLIST_FILE = "AutoLayoutTests/AutoLayoutTests-Info.plist";
				PRODUCT_NAME = "$(TARGET_NAME)";
				TEST_HOST = "$(BUNDLE_LOADER)";
				WRAPPER_EXTENSION = xctest;
			};
			name = Release;
		};
/* End XCBuildConfiguration section */

/* Begin XCConfigurationList section */
		E7F05024194A81F90072BD63 /* Build configuration list for PBXProject "AutoLayout" */ = {
			isa = XCConfigurationList;
			buildConfigurations = (
				E7F05059194A81F90072BD63 /* Debug */,
				E7F0505A194A81F90072BD63 /* Release */,
			);
			defaultConfigurationIsVisible = 0;
			defaultConfigurationName = Release;
		};
		E7F0505B194A81F90072BD63 /* Build configuration list for PBXNativeTarget "AutoLayout" */ = {
			isa = XCConfigurationList;
			buildConfigurations = (
				E7F0505C194A81F90072BD63 /* Debug */,
				E7F0505D194A81F90072BD63 /* Release */,
			);
			defaultConfigurationIsVisible = 0;
			defaultConfigurationName = Release;
		};
		E7F0505E194A81F90072BD63 /* Build configuration list for PBXNativeTarget "AutoLayoutTests" */ = {
			isa = XCConfigurationList;
			buildConfigurations = (
				E7F0505F194A81F90072BD63 /* Debug */,
				E7F05060194A81F90072BD63 /* Release */,
			);
			defaultConfigurationIsVisible = 0;
			defaultConfigurationName = Release;
		};
/* End XCConfigurationList section */
	};
	rootObject = E7F05021194A81F90072BD63 /* Project object */;
}
